
Microsoft Visual Studio Solution File, Format Version 12.00
# Visual Studio Version 17
VisualStudioVersion = 17.0.31521.260
MinimumVisualStudioVersion = 10.0.40219.1
Project("{9A19103F-16F7-4668-BE54-9A1E7A4F7556}") = "SubtitleConverter", "SubtitleConverter\SubtitleConverter.csproj", "{F0A12AAC-1515-421B-9B95-116508C54DD0}"
EndProject
Project("{9A19103F-16F7-4668-BE54-9A1E7A4F7556}") = "VideoConverter", "VideoConverter\VideoConverter.csproj", "{0F6646D4-B512-4B29-A4C5-DE231442A91F}"
EndProject
Project("{9A19103F-16F7-4668-BE54-9A1E7A4F7556}") = "StreamingTools", "StreamingTools\StreamingTools.csproj", "{1EC864DF-F83D-4F7C-868E-3CEBF82FF38F}"
EndProject
Project("{2150E333-8FDC-42A3-9474-1A3956D46DE8}") = "Solution Items", "Solution Items", "{5A47E85B-7895-4086-B227-02A0054BB22A}"
	ProjectSection(SolutionItems) = preProject
		.editorconfig = .editorconfig
		..\.gitignore = ..\.gitignore
		Directory.Build.props = Directory.Build.props
		..\Directory.Packages.props = ..\Directory.Packages.props
		..\.github\workflows\generateSubtitles.yml = ..\.github\workflows\generateSubtitles.yml
		..\.github\workflows\importVideos.yml = ..\.github\workflows\importVideos.yml
		..\.github\workflows\ingestMarkdown.yml = ..\.github\workflows\ingestMarkdown.yml
		..\NuGet.config = ..\NuGet.config
	EndProjectSection
EndProject
Project("{9A19103F-16F7-4668-BE54-9A1E7A4F7556}") = "Tests", "Tests\Tests.csproj", "{412CE3EB-5887-49AA-B11E-12FFE118C130}"
EndProject
Project("{9A19103F-16F7-4668-BE54-9A1E7A4F7556}") = "VideoMetadata", "VideoMetadata\VideoMetadata.csproj", "{EF50FB9C-C232-4C6E-B1BE-FCA31E37679B}"
EndProject
Project("{9A19103F-16F7-4668-BE54-9A1E7A4F7556}") = "KebooBot.Api", "..\AI\KebooBot.Api\KebooBot.Api.csproj", "{178F4E19-076E-4F4E-84B9-7FBCDCB5029E}"
EndProject
Project("{9A19103F-16F7-4668-BE54-9A1E7A4F7556}") = "KebooBot.Lib", "..\AI\KebooBot.Lib\KebooBot.Lib.csproj", "{369E23A5-E0AA-4EDC-A5C5-575E0614BF9C}"
EndProject
Project("{9A19103F-16F7-4668-BE54-9A1E7A4F7556}") = "KebooBot.Ingest", "..\AI\KebooBot.Ingest\KebooBot.Ingest.csproj", "{A7E4053C-7DCF-4CC6-AFBB-BCBB56F8991B}"
EndProject
Project("{FAE04EC0-301F-11D3-BF4B-00C04F79EFBC}") = "Keboo.Editor", "Keboo.Editor\Keboo.Editor.csproj", "{5CD194A5-AA3C-4BDC-AAD7-92CE2725A412}"
EndProject
Global
	GlobalSection(SolutionConfigurationPlatforms) = preSolution
		Debug|Any CPU = Debug|Any CPU
		Release|Any CPU = Release|Any CPU
	EndGlobalSection
	GlobalSection(ProjectConfigurationPlatforms) = postSolution
		{F0A12AAC-1515-421B-9B95-116508C54DD0}.Debug|Any CPU.ActiveCfg = Debug|Any CPU
		{F0A12AAC-1515-421B-9B95-116508C54DD0}.Debug|Any CPU.Build.0 = Debug|Any CPU
		{F0A12AAC-1515-421B-9B95-116508C54DD0}.Release|Any CPU.ActiveCfg = Release|Any CPU
		{F0A12AAC-1515-421B-9B95-116508C54DD0}.Release|Any CPU.Build.0 = Release|Any CPU
		{0F6646D4-B512-4B29-A4C5-DE231442A91F}.Debug|Any CPU.ActiveCfg = Debug|Any CPU
		{0F6646D4-B512-4B29-A4C5-DE231442A91F}.Debug|Any CPU.Build.0 = Debug|Any CPU
		{0F6646D4-B512-4B29-A4C5-DE231442A91F}.Release|Any CPU.ActiveCfg = Release|Any CPU
		{0F6646D4-B512-4B29-A4C5-DE231442A91F}.Release|Any CPU.Build.0 = Release|Any CPU
		{1EC864DF-F83D-4F7C-868E-3CEBF82FF38F}.Debug|Any CPU.ActiveCfg = Debug|Any CPU
		{1EC864DF-F83D-4F7C-868E-3CEBF82FF38F}.Debug|Any CPU.Build.0 = Debug|Any CPU
		{1EC864DF-F83D-4F7C-868E-3CEBF82FF38F}.Release|Any CPU.ActiveCfg = Release|Any CPU
		{1EC864DF-F83D-4F7C-868E-3CEBF82FF38F}.Release|Any CPU.Build.0 = Release|Any CPU
		{412CE3EB-5887-49AA-B11E-12FFE118C130}.Debug|Any CPU.ActiveCfg = Debug|Any CPU
		{412CE3EB-5887-49AA-B11E-12FFE118C130}.Debug|Any CPU.Build.0 = Debug|Any CPU
		{412CE3EB-5887-49AA-B11E-12FFE118C130}.Release|Any CPU.ActiveCfg = Release|Any CPU
		{412CE3EB-5887-49AA-B11E-12FFE118C130}.Release|Any CPU.Build.0 = Release|Any CPU
		{EF50FB9C-C232-4C6E-B1BE-FCA31E37679B}.Debug|Any CPU.ActiveCfg = Debug|Any CPU
		{EF50FB9C-C232-4C6E-B1BE-FCA31E37679B}.Debug|Any CPU.Build.0 = Debug|Any CPU
		{EF50FB9C-C232-4C6E-B1BE-FCA31E37679B}.Release|Any CPU.ActiveCfg = Release|Any CPU
		{EF50FB9C-C232-4C6E-B1BE-FCA31E37679B}.Release|Any CPU.Build.0 = Release|Any CPU
		{178F4E19-076E-4F4E-84B9-7FBCDCB5029E}.Debug|Any CPU.ActiveCfg = Debug|Any CPU
		{178F4E19-076E-4F4E-84B9-7FBCDCB5029E}.Debug|Any CPU.Build.0 = Debug|Any CPU
		{178F4E19-076E-4F4E-84B9-7FBCDCB5029E}.Release|Any CPU.ActiveCfg = Release|Any CPU
		{178F4E19-076E-4F4E-84B9-7FBCDCB5029E}.Release|Any CPU.Build.0 = Release|Any CPU
		{369E23A5-E0AA-4EDC-A5C5-575E0614BF9C}.Debug|Any CPU.ActiveCfg = Debug|Any CPU
		{369E23A5-E0AA-4EDC-A5C5-575E0614BF9C}.Debug|Any CPU.Build.0 = Debug|Any CPU
		{369E23A5-E0AA-4EDC-A5C5-575E0614BF9C}.Release|Any CPU.ActiveCfg = Release|Any CPU
		{369E23A5-E0AA-4EDC-A5C5-575E0614BF9C}.Release|Any CPU.Build.0 = Release|Any CPU
		{A7E4053C-7DCF-4CC6-AFBB-BCBB56F8991B}.Debug|Any CPU.ActiveCfg = Debug|Any CPU
		{A7E4053C-7DCF-4CC6-AFBB-BCBB56F8991B}.Debug|Any CPU.Build.0 = Debug|Any CPU
		{A7E4053C-7DCF-4CC6-AFBB-BCBB56F8991B}.Release|Any CPU.ActiveCfg = Release|Any CPU
		{A7E4053C-7DCF-4CC6-AFBB-BCBB56F8991B}.Release|Any CPU.Build.0 = Release|Any CPU
		{5CD194A5-AA3C-4BDC-AAD7-92CE2725A412}.Debug|Any CPU.ActiveCfg = Debug|Any CPU
		{5CD194A5-AA3C-4BDC-AAD7-92CE2725A412}.Debug|Any CPU.Build.0 = Debug|Any CPU
		{5CD194A5-AA3C-4BDC-AAD7-92CE2725A412}.Release|Any CPU.ActiveCfg = Release|Any CPU
		{5CD194A5-AA3C-4BDC-AAD7-92CE2725A412}.Release|Any CPU.Build.0 = Release|Any CPU
	EndGlobalSection
	GlobalSection(SolutionProperties) = preSolution
		HideSolutionNode = FALSE
	EndGlobalSection
	GlobalSection(ExtensibilityGlobals) = postSolution
		SolutionGuid = {C6E86982-B9FC-4445-9148-E75CD54E5F66}
	EndGlobalSection
EndGlobal
