
Microsoft Visual Studio Solution File, Format Version 12.00
# Visual Studio Version 17
VisualStudioVersion = 17.0.31521.260
MinimumVisualStudioVersion = 10.0.40219.1
Project("{9A19103F-16F7-4668-BE54-9A1E7A4F7556}") = "SubtitleConverter", "SubtitleConverter\SubtitleConverter.csproj", "{F0A12AAC-1515-421B-9B95-116508C54DD0}"
EndProject
Project("{9A19103F-16F7-4668-BE54-9A1E7A4F7556}") = "VideoConverter", "VideoConverter\VideoConverter.csproj", "{0F6646D4-B512-4B29-A4C5-DE231442A91F}"
EndProject
Project("{9A19103F-16F7-4668-BE54-9A1E7A4F7556}") = "StreamingTools", "StreamingTools\StreamingTools.csproj", "{1EC864DF-F83D-4F7C-868E-3CEBF82FF38F}"
EndProject
Project("{2150E333-8FDC-42A3-9474-1A3956D46DE8}") = "Solution Items", "Solution Items", "{5A47E85B-7895-4086-B227-02A0054BB22A}"
	ProjectSection(SolutionItems) = preProject
		.editorconfig = .editorconfig
		Directory.Build.props = Directory.Build.props
		..\.github\workflows\generateSubtitles.yml = ..\.github\workflows\generateSubtitles.yml
		..\.github\workflows\importVideos.yml = ..\.github\workflows\importVideos.yml
		NuGet.config = NuGet.config
	EndProjectSection
EndProject
Project("{FAE04EC0-301F-11D3-BF4B-00C04F79EFBC}") = "Tests", "Tests\Tests.csproj", "{412CE3EB-5887-49AA-B11E-12FFE118C130}"
EndProject
Global
	GlobalSection(SolutionConfigurationPlatforms) = preSolution
		Debug|Any CPU = Debug|Any CPU
		Release|Any CPU = Release|Any CPU
	EndGlobalSection
	GlobalSection(ProjectConfigurationPlatforms) = postSolution
		{F0A12AAC-1515-421B-9B95-116508C54DD0}.Debug|Any CPU.ActiveCfg = Debug|Any CPU
		{F0A12AAC-1515-421B-9B95-116508C54DD0}.Debug|Any CPU.Build.0 = Debug|Any CPU
		{F0A12AAC-1515-421B-9B95-116508C54DD0}.Release|Any CPU.ActiveCfg = Release|Any CPU
		{F0A12AAC-1515-421B-9B95-116508C54DD0}.Release|Any CPU.Build.0 = Release|Any CPU
		{0F6646D4-B512-4B29-A4C5-DE231442A91F}.Debug|Any CPU.ActiveCfg = Debug|Any CPU
		{0F6646D4-B512-4B29-A4C5-DE231442A91F}.Debug|Any CPU.Build.0 = Debug|Any CPU
		{0F6646D4-B512-4B29-A4C5-DE231442A91F}.Release|Any CPU.ActiveCfg = Release|Any CPU
		{0F6646D4-B512-4B29-A4C5-DE231442A91F}.Release|Any CPU.Build.0 = Release|Any CPU
		{1EC864DF-F83D-4F7C-868E-3CEBF82FF38F}.Debug|Any CPU.ActiveCfg = Debug|Any CPU
		{1EC864DF-F83D-4F7C-868E-3CEBF82FF38F}.Debug|Any CPU.Build.0 = Debug|Any CPU
		{1EC864DF-F83D-4F7C-868E-3CEBF82FF38F}.Release|Any CPU.ActiveCfg = Release|Any CPU
		{1EC864DF-F83D-4F7C-868E-3CEBF82FF38F}.Release|Any CPU.Build.0 = Release|Any CPU
		{412CE3EB-5887-49AA-B11E-12FFE118C130}.Debug|Any CPU.ActiveCfg = Debug|Any CPU
		{412CE3EB-5887-49AA-B11E-12FFE118C130}.Debug|Any CPU.Build.0 = Debug|Any CPU
		{412CE3EB-5887-49AA-B11E-12FFE118C130}.Release|Any CPU.ActiveCfg = Release|Any CPU
		{412CE3EB-5887-49AA-B11E-12FFE118C130}.Release|Any CPU.Build.0 = Release|Any CPU
	EndGlobalSection
	GlobalSection(SolutionProperties) = preSolution
		HideSolutionNode = FALSE
	EndGlobalSection
	GlobalSection(ExtensibilityGlobals) = postSolution
		SolutionGuid = {C6E86982-B9FC-4445-9148-E75CD54E5F66}
	EndGlobalSection
EndGlobal
